
Microsoft Visual Studio Solution File, Format Version 12.00
# Visual Studio Version 17
VisualStudioVersion = 17.6.33815.320
MinimumVisualStudioVersion = 10.0.40219.1
Project("{FAE04EC0-301F-11D3-BF4B-00C04F79EFBC}") = "reCAPTCHAv3POC", "reCAPTCHAv3POC.csproj", "{2C620413-9049-41EE-BEDA-6994B8D0EC39}"
EndProject
Global
	GlobalSection(SolutionConfigurationPlatforms) = preSolution
		Debug|Any CPU = Debug|Any CPU
		Release|Any CPU = Release|Any CPU
	EndGlobalSection
	GlobalSection(ProjectConfigurationPlatforms) = postSolution
		{2C620413-9049-41EE-BEDA-6994B8D0EC39}.Debug|Any CPU.ActiveCfg = Debug|Any CPU
		{2C620413-9049-41EE-BEDA-6994B8D0EC39}.Debug|Any CPU.Build.0 = Debug|Any CPU
		{2C620413-9049-41EE-BEDA-6994B8D0EC39}.Release|Any CPU.ActiveCfg = Release|Any CPU
		{2C620413-9049-41EE-BEDA-6994B8D0EC39}.Release|Any CPU.Build.0 = Release|Any CPU
	EndGlobalSection
	GlobalSection(SolutionProperties) = preSolution
		HideSolutionNode = FALSE
	EndGlobalSection
	GlobalSection(ExtensibilityGlobals) = postSolution
		SolutionGuid = {7CE56F1B-8494-4679-88D0-F822FE90F1C2}
	EndGlobalSection
EndGlobal
